// !$*UTF8*$!
{
	archiveVersion = 1;
	classes = {
	};
	objectVersion = 50;
	objects = {

/* Begin PBXBuildFile section */
		2F2E6ACB17F117000D31729B /* Pods_Music2Tests.framework in Frameworks */ = {isa = PBXBuildFile; fileRef = FA81E1475820A4D3E6AB2FD7 /* Pods_Music2Tests.framework */; };
		F53D25C722187772004BBD2B /* NavigationController.swift in Sources */ = {isa = PBXBuildFile; fileRef = F53D25C622187772004BBD2B /* NavigationController.swift */; };
		F59D48E92221C62200B23798 /* MView.swift in Sources */ = {isa = PBXBuildFile; fileRef = F59D48E82221C62200B23798 /* MView.swift */; };
		F59D48EB2221C64B00B23798 /* AudioPlayerView.swift in Sources */ = {isa = PBXBuildFile; fileRef = F59D48EA2221C64B00B23798 /* AudioPlayerView.swift */; };
		F59D48EE2221C68500B23798 /* VolumeControl.swift in Sources */ = {isa = PBXBuildFile; fileRef = F59D48ED2221C68500B23798 /* VolumeControl.swift */; };
		F59D48F02221C69800B23798 /* PlaybackControl.swift in Sources */ = {isa = PBXBuildFile; fileRef = F59D48EF2221C69800B23798 /* PlaybackControl.swift */; };
		F5B65DDC2219B1E000465444 /* MainViewController.swift in Sources */ = {isa = PBXBuildFile; fileRef = F5B65DDB2219B1E000465444 /* MainViewController.swift */; };
		F5B65DDE2219B20700465444 /* BottomSheetController.swift in Sources */ = {isa = PBXBuildFile; fileRef = F5B65DDD2219B20700465444 /* BottomSheetController.swift */; };
		F5B65DE12219B62500465444 /* AlbumTracksTopBar.swift in Sources */ = {isa = PBXBuildFile; fileRef = F5B65DE02219B62500465444 /* AlbumTracksTopBar.swift */; };
		F5B65DE32219BE6B00465444 /* AudioPlayerViewController.swift in Sources */ = {isa = PBXBuildFile; fileRef = F5B65DE22219BE6B00465444 /* AudioPlayerViewController.swift */; };
		F5B65DE52219C27F00465444 /* UIViewController+M.swift in Sources */ = {isa = PBXBuildFile; fileRef = F5B65DE42219C27F00465444 /* UIViewController+M.swift */; };
		F5B65DE72219C8D400465444 /* UIView+M.swift in Sources */ = {isa = PBXBuildFile; fileRef = F5B65DE62219C8D400465444 /* UIView+M.swift */; };
		F5D6319B220F02B4008AB5EE /* Albums.swift in Sources */ = {isa = PBXBuildFile; fileRef = F5D6319A220F02B4008AB5EE /* Albums.swift */; };
		F5D6319E220F0472008AB5EE /* Environment.swift in Sources */ = {isa = PBXBuildFile; fileRef = F5D6319D220F0472008AB5EE /* Environment.swift */; };
		F5D631A0220F0FB3008AB5EE /* Logger.swift in Sources */ = {isa = PBXBuildFile; fileRef = F5D6319F220F0FB3008AB5EE /* Logger.swift */; };
		F5D631A2220F11F0008AB5EE /* NetworkingResult.swift in Sources */ = {isa = PBXBuildFile; fileRef = F5D631A1220F11F0008AB5EE /* NetworkingResult.swift */; };
		F5D631A4220F122D008AB5EE /* Configuration.swift in Sources */ = {isa = PBXBuildFile; fileRef = F5D631A3220F122D008AB5EE /* Configuration.swift */; };
		F5D631B0220F33E4008AB5EE /* AlbumsListTests.swift in Sources */ = {isa = PBXBuildFile; fileRef = F5D631AF220F33E4008AB5EE /* AlbumsListTests.swift */; };
		F5D631BA220F5942008AB5EE /* MockError.swift in Sources */ = {isa = PBXBuildFile; fileRef = F5D631B9220F5942008AB5EE /* MockError.swift */; };
		F5D631BC220F596C008AB5EE /* ModelMocks.swift in Sources */ = {isa = PBXBuildFile; fileRef = F5D631BB220F596C008AB5EE /* ModelMocks.swift */; };
		F5D631BE220F619B008AB5EE /* URLParametersConvertible.swift in Sources */ = {isa = PBXBuildFile; fileRef = F5D631BD220F619B008AB5EE /* URLParametersConvertible.swift */; };
		F5D631C1220F637F008AB5EE /* UITableView+Rx.swift in Sources */ = {isa = PBXBuildFile; fileRef = F5D631C0220F637F008AB5EE /* UITableView+Rx.swift */; };
		F5D631C3220F6C88008AB5EE /* Rx.swift in Sources */ = {isa = PBXBuildFile; fileRef = F5D631C2220F6C88008AB5EE /* Rx.swift */; };
		F5D631C6220F6E31008AB5EE /* Album.swift in Sources */ = {isa = PBXBuildFile; fileRef = F5D631C5220F6E31008AB5EE /* Album.swift */; };
		F5E16C6221F49CC300C8A732 /* AppDelegate.swift in Sources */ = {isa = PBXBuildFile; fileRef = F5E16C6121F49CC300C8A732 /* AppDelegate.swift */; };
		F5E16C6421F49CC300C8A732 /* AlbumsListViewController.swift in Sources */ = {isa = PBXBuildFile; fileRef = F5E16C6321F49CC300C8A732 /* AlbumsListViewController.swift */; };
		F5E16C6921F49CC400C8A732 /* Assets.xcassets in Resources */ = {isa = PBXBuildFile; fileRef = F5E16C6821F49CC400C8A732 /* Assets.xcassets */; };
		F5E16C6C21F49CC400C8A732 /* LaunchScreen.storyboard in Resources */ = {isa = PBXBuildFile; fileRef = F5E16C6A21F49CC400C8A732 /* LaunchScreen.storyboard */; };
		F5E16C7721F4B23700C8A732 /* AlbumsList.swift in Sources */ = {isa = PBXBuildFile; fileRef = F5E16C7621F4B23700C8A732 /* AlbumsList.swift */; };
		F5E16C7A21F4B5C300C8A732 /* Transformable.swift in Sources */ = {isa = PBXBuildFile; fileRef = F5E16C7921F4B5C300C8A732 /* Transformable.swift */; };
		F5F100A12219CB5A00C649E4 /* AudioPlayer.swift in Sources */ = {isa = PBXBuildFile; fileRef = F5F100A02219CB5A00C649E4 /* AudioPlayer.swift */; };
		F5F176D922103C2F004DC65A /* AlbumCell.swift in Sources */ = {isa = PBXBuildFile; fileRef = F5F176D822103C2F004DC65A /* AlbumCell.swift */; };
		F5F176DC22104542004DC65A /* Color.swift in Sources */ = {isa = PBXBuildFile; fileRef = F5F176DB22104542004DC65A /* Color.swift */; };
		F5F176DE22106599004DC65A /* AlbumTracksViewController.swift in Sources */ = {isa = PBXBuildFile; fileRef = F5F176DD22106599004DC65A /* AlbumTracksViewController.swift */; };
		F5F176E122106970004DC65A /* Font.swift in Sources */ = {isa = PBXBuildFile; fileRef = F5F176E022106970004DC65A /* Font.swift */; };
		F5F176E322108F87004DC65A /* AlbumTracks.swift in Sources */ = {isa = PBXBuildFile; fileRef = F5F176E222108F87004DC65A /* AlbumTracks.swift */; };
		F5F176E5221092FF004DC65A /* MusicTrackCell.swift in Sources */ = {isa = PBXBuildFile; fileRef = F5F176E4221092FF004DC65A /* MusicTrackCell.swift */; };
		F5F176E922109D59004DC65A /* Assets.auto.swift in Sources */ = {isa = PBXBuildFile; fileRef = F5F176E822109D59004DC65A /* Assets.auto.swift */; };
		F5F176EC2210A8D0004DC65A /* GradientView.swift in Sources */ = {isa = PBXBuildFile; fileRef = F5F176EB2210A8D0004DC65A /* GradientView.swift */; };
		FB8C69A83877D9647DC832FD /* Pods_Music2.framework in Frameworks */ = {isa = PBXBuildFile; fileRef = BE7B8376F330AA0B51D74D96 /* Pods_Music2.framework */; };
/* End PBXBuildFile section */

/* Begin PBXContainerItemProxy section */
		F5D631B2220F33E4008AB5EE /* PBXContainerItemProxy */ = {
			isa = PBXContainerItemProxy;
			containerPortal = F5E16C5621F49CC300C8A732 /* Project object */;
			proxyType = 1;
			remoteGlobalIDString = F5E16C5D21F49CC300C8A732;
			remoteInfo = Music2;
		};
/* End PBXContainerItemProxy section */

/* Begin PBXFileReference section */
		6A37FC3C199D7DE4F4055F6C /* Pods-Music2.debug.xcconfig */ = {isa = PBXFileReference; includeInIndex = 1; lastKnownFileType = text.xcconfig; name = "Pods-Music2.debug.xcconfig"; path = "Pods/Target Support Files/Pods-Music2/Pods-Music2.debug.xcconfig"; sourceTree = "<group>"; };
		701CF3C3B328D5ABD758C12A /* Pods-Music2Tests.release.xcconfig */ = {isa = PBXFileReference; includeInIndex = 1; lastKnownFileType = text.xcconfig; name = "Pods-Music2Tests.release.xcconfig"; path = "Pods/Target Support Files/Pods-Music2Tests/Pods-Music2Tests.release.xcconfig"; sourceTree = "<group>"; };
		B2D24787175BB08506EDB134 /* Pods-Music2.release.xcconfig */ = {isa = PBXFileReference; includeInIndex = 1; lastKnownFileType = text.xcconfig; name = "Pods-Music2.release.xcconfig"; path = "Pods/Target Support Files/Pods-Music2/Pods-Music2.release.xcconfig"; sourceTree = "<group>"; };
		BE7B8376F330AA0B51D74D96 /* Pods_Music2.framework */ = {isa = PBXFileReference; explicitFileType = wrapper.framework; includeInIndex = 0; path = Pods_Music2.framework; sourceTree = BUILT_PRODUCTS_DIR; };
		ECC536FDE4FF65523E3433F2 /* Pods-Music2Tests.debug.xcconfig */ = {isa = PBXFileReference; includeInIndex = 1; lastKnownFileType = text.xcconfig; name = "Pods-Music2Tests.debug.xcconfig"; path = "Pods/Target Support Files/Pods-Music2Tests/Pods-Music2Tests.debug.xcconfig"; sourceTree = "<group>"; };
		F53D25C622187772004BBD2B /* NavigationController.swift */ = {isa = PBXFileReference; lastKnownFileType = sourcecode.swift; path = NavigationController.swift; sourceTree = "<group>"; };
		F59D48E82221C62200B23798 /* MView.swift */ = {isa = PBXFileReference; lastKnownFileType = sourcecode.swift; path = MView.swift; sourceTree = "<group>"; };
		F59D48EA2221C64B00B23798 /* AudioPlayerView.swift */ = {isa = PBXFileReference; lastKnownFileType = sourcecode.swift; path = AudioPlayerView.swift; sourceTree = "<group>"; };
		F59D48ED2221C68500B23798 /* VolumeControl.swift */ = {isa = PBXFileReference; lastKnownFileType = sourcecode.swift; path = VolumeControl.swift; sourceTree = "<group>"; };
		F59D48EF2221C69800B23798 /* PlaybackControl.swift */ = {isa = PBXFileReference; lastKnownFileType = sourcecode.swift; path = PlaybackControl.swift; sourceTree = "<group>"; };
		F5B65DDB2219B1E000465444 /* MainViewController.swift */ = {isa = PBXFileReference; lastKnownFileType = sourcecode.swift; path = MainViewController.swift; sourceTree = "<group>"; };
		F5B65DDD2219B20700465444 /* BottomSheetController.swift */ = {isa = PBXFileReference; lastKnownFileType = sourcecode.swift; path = BottomSheetController.swift; sourceTree = "<group>"; };
		F5B65DE02219B62500465444 /* AlbumTracksTopBar.swift */ = {isa = PBXFileReference; lastKnownFileType = sourcecode.swift; path = AlbumTracksTopBar.swift; sourceTree = "<group>"; };
		F5B65DE22219BE6B00465444 /* AudioPlayerViewController.swift */ = {isa = PBXFileReference; lastKnownFileType = sourcecode.swift; path = AudioPlayerViewController.swift; sourceTree = "<group>"; };
		F5B65DE42219C27F00465444 /* UIViewController+M.swift */ = {isa = PBXFileReference; lastKnownFileType = sourcecode.swift; path = "UIViewController+M.swift"; sourceTree = "<group>"; };
		F5B65DE62219C8D400465444 /* UIView+M.swift */ = {isa = PBXFileReference; lastKnownFileType = sourcecode.swift; path = "UIView+M.swift"; sourceTree = "<group>"; };
		F5D6319A220F02B4008AB5EE /* Albums.swift */ = {isa = PBXFileReference; lastKnownFileType = sourcecode.swift; path = Albums.swift; sourceTree = "<group>"; };
		F5D6319D220F0472008AB5EE /* Environment.swift */ = {isa = PBXFileReference; lastKnownFileType = sourcecode.swift; path = Environment.swift; sourceTree = "<group>"; };
		F5D6319F220F0FB3008AB5EE /* Logger.swift */ = {isa = PBXFileReference; lastKnownFileType = sourcecode.swift; path = Logger.swift; sourceTree = "<group>"; };
		F5D631A1220F11F0008AB5EE /* NetworkingResult.swift */ = {isa = PBXFileReference; lastKnownFileType = sourcecode.swift; path = NetworkingResult.swift; sourceTree = "<group>"; };
		F5D631A3220F122D008AB5EE /* Configuration.swift */ = {isa = PBXFileReference; lastKnownFileType = sourcecode.swift; path = Configuration.swift; sourceTree = "<group>"; };
		F5D631AD220F33E4008AB5EE /* Music2Tests.xctest */ = {isa = PBXFileReference; explicitFileType = wrapper.cfbundle; includeInIndex = 0; path = Music2Tests.xctest; sourceTree = BUILT_PRODUCTS_DIR; };
		F5D631AF220F33E4008AB5EE /* AlbumsListTests.swift */ = {isa = PBXFileReference; lastKnownFileType = sourcecode.swift; path = AlbumsListTests.swift; sourceTree = "<group>"; };
		F5D631B1220F33E4008AB5EE /* Info.plist */ = {isa = PBXFileReference; lastKnownFileType = text.plist.xml; path = Info.plist; sourceTree = "<group>"; };
		F5D631B9220F5942008AB5EE /* MockError.swift */ = {isa = PBXFileReference; lastKnownFileType = sourcecode.swift; path = MockError.swift; sourceTree = "<group>"; };
		F5D631BB220F596C008AB5EE /* ModelMocks.swift */ = {isa = PBXFileReference; lastKnownFileType = sourcecode.swift; path = ModelMocks.swift; sourceTree = "<group>"; };
		F5D631BD220F619B008AB5EE /* URLParametersConvertible.swift */ = {isa = PBXFileReference; lastKnownFileType = sourcecode.swift; path = URLParametersConvertible.swift; sourceTree = "<group>"; };
		F5D631C0220F637F008AB5EE /* UITableView+Rx.swift */ = {isa = PBXFileReference; lastKnownFileType = sourcecode.swift; path = "UITableView+Rx.swift"; sourceTree = "<group>"; };
		F5D631C2220F6C88008AB5EE /* Rx.swift */ = {isa = PBXFileReference; lastKnownFileType = sourcecode.swift; path = Rx.swift; sourceTree = "<group>"; };
		F5D631C5220F6E31008AB5EE /* Album.swift */ = {isa = PBXFileReference; lastKnownFileType = sourcecode.swift; path = Album.swift; sourceTree = "<group>"; };
		F5E16C5E21F49CC300C8A732 /* Music2.app */ = {isa = PBXFileReference; explicitFileType = wrapper.application; includeInIndex = 0; path = Music2.app; sourceTree = BUILT_PRODUCTS_DIR; };
		F5E16C6121F49CC300C8A732 /* AppDelegate.swift */ = {isa = PBXFileReference; lastKnownFileType = sourcecode.swift; path = AppDelegate.swift; sourceTree = "<group>"; };
		F5E16C6321F49CC300C8A732 /* AlbumsListViewController.swift */ = {isa = PBXFileReference; lastKnownFileType = sourcecode.swift; path = AlbumsListViewController.swift; sourceTree = "<group>"; };
		F5E16C6821F49CC400C8A732 /* Assets.xcassets */ = {isa = PBXFileReference; lastKnownFileType = folder.assetcatalog; path = Assets.xcassets; sourceTree = "<group>"; };
		F5E16C6B21F49CC400C8A732 /* Base */ = {isa = PBXFileReference; lastKnownFileType = file.storyboard; name = Base; path = Base.lproj/LaunchScreen.storyboard; sourceTree = "<group>"; };
		F5E16C6D21F49CC400C8A732 /* Info.plist */ = {isa = PBXFileReference; lastKnownFileType = text.plist.xml; path = Info.plist; sourceTree = "<group>"; };
		F5E16C7621F4B23700C8A732 /* AlbumsList.swift */ = {isa = PBXFileReference; lastKnownFileType = sourcecode.swift; path = AlbumsList.swift; sourceTree = "<group>"; };
		F5E16C7921F4B5C300C8A732 /* Transformable.swift */ = {isa = PBXFileReference; lastKnownFileType = sourcecode.swift; path = Transformable.swift; sourceTree = "<group>"; };
		F5F100A02219CB5A00C649E4 /* AudioPlayer.swift */ = {isa = PBXFileReference; lastKnownFileType = sourcecode.swift; path = AudioPlayer.swift; sourceTree = "<group>"; };
		F5F176D822103C2F004DC65A /* AlbumCell.swift */ = {isa = PBXFileReference; lastKnownFileType = sourcecode.swift; path = AlbumCell.swift; sourceTree = "<group>"; };
		F5F176DB22104542004DC65A /* Color.swift */ = {isa = PBXFileReference; lastKnownFileType = sourcecode.swift; path = Color.swift; sourceTree = "<group>"; };
		F5F176DD22106599004DC65A /* AlbumTracksViewController.swift */ = {isa = PBXFileReference; lastKnownFileType = sourcecode.swift; path = AlbumTracksViewController.swift; sourceTree = "<group>"; };
		F5F176E022106970004DC65A /* Font.swift */ = {isa = PBXFileReference; lastKnownFileType = sourcecode.swift; path = Font.swift; sourceTree = "<group>"; };
		F5F176E222108F87004DC65A /* AlbumTracks.swift */ = {isa = PBXFileReference; lastKnownFileType = sourcecode.swift; path = AlbumTracks.swift; sourceTree = "<group>"; };
		F5F176E4221092FF004DC65A /* MusicTrackCell.swift */ = {isa = PBXFileReference; lastKnownFileType = sourcecode.swift; path = MusicTrackCell.swift; sourceTree = "<group>"; };
		F5F176E822109D59004DC65A /* Assets.auto.swift */ = {isa = PBXFileReference; fileEncoding = 4; lastKnownFileType = sourcecode.swift; path = Assets.auto.swift; sourceTree = "<group>"; };
		F5F176EB2210A8D0004DC65A /* GradientView.swift */ = {isa = PBXFileReference; lastKnownFileType = sourcecode.swift; path = GradientView.swift; sourceTree = "<group>"; };
		FA81E1475820A4D3E6AB2FD7 /* Pods_Music2Tests.framework */ = {isa = PBXFileReference; explicitFileType = wrapper.framework; includeInIndex = 0; path = Pods_Music2Tests.framework; sourceTree = BUILT_PRODUCTS_DIR; };
/* End PBXFileReference section */

/* Begin PBXFrameworksBuildPhase section */
		F5D631AA220F33E4008AB5EE /* Frameworks */ = {
			isa = PBXFrameworksBuildPhase;
			buildActionMask = 2147483647;
			files = (
				2F2E6ACB17F117000D31729B /* Pods_Music2Tests.framework in Frameworks */,
			);
			runOnlyForDeploymentPostprocessing = 0;
		};
		F5E16C5B21F49CC300C8A732 /* Frameworks */ = {
			isa = PBXFrameworksBuildPhase;
			buildActionMask = 2147483647;
			files = (
				FB8C69A83877D9647DC832FD /* Pods_Music2.framework in Frameworks */,
			);
			runOnlyForDeploymentPostprocessing = 0;
		};
/* End PBXFrameworksBuildPhase section */

/* Begin PBXGroup section */
		DECCE77A8806A16A695D9041 /* Pods */ = {
			isa = PBXGroup;
			children = (
				6A37FC3C199D7DE4F4055F6C /* Pods-Music2.debug.xcconfig */,
				B2D24787175BB08506EDB134 /* Pods-Music2.release.xcconfig */,
				ECC536FDE4FF65523E3433F2 /* Pods-Music2Tests.debug.xcconfig */,
				701CF3C3B328D5ABD758C12A /* Pods-Music2Tests.release.xcconfig */,
			);
			name = Pods;
			sourceTree = "<group>";
		};
		EA36EA1CF4756B0A57B63E5F /* Frameworks */ = {
			isa = PBXGroup;
			children = (
				BE7B8376F330AA0B51D74D96 /* Pods_Music2.framework */,
				FA81E1475820A4D3E6AB2FD7 /* Pods_Music2Tests.framework */,
			);
			name = Frameworks;
			sourceTree = "<group>";
		};
		F59D48EC2221C64E00B23798 /* AudioPlayer */ = {
			isa = PBXGroup;
			children = (
				F59D48EA2221C64B00B23798 /* AudioPlayerView.swift */,
				F5B65DE22219BE6B00465444 /* AudioPlayerViewController.swift */,
				F59D48EF2221C69800B23798 /* PlaybackControl.swift */,
				F59D48ED2221C68500B23798 /* VolumeControl.swift */,
			);
			path = AudioPlayer;
			sourceTree = "<group>";
		};
		F5B65DDA2219B17900465444 /* Main */ = {
			isa = PBXGroup;
			children = (
				F5B65DDB2219B1E000465444 /* MainViewController.swift */,
			);
			path = Main;
			sourceTree = "<group>";
		};
		F5B65DDF2219B21400465444 /* UserStories */ = {
			isa = PBXGroup;
			children = (
				F5F176D722103BD0004DC65A /* AlbumsList */,
				F5F176DF2210659D004DC65A /* AlbumTracks */,
				F5B65DDA2219B17900465444 /* Main */,
			);
			path = UserStories;
			sourceTree = "<group>";
		};
		F5D63199220F0273008AB5EE /* 4.Services */ = {
			isa = PBXGroup;
			children = (
				F5D6319D220F0472008AB5EE /* Environment.swift */,
				F5F100A02219CB5A00C649E4 /* AudioPlayer.swift */,
				F5D6319C220F0317008AB5EE /* Networking */,
			);
			path = 4.Services;
			sourceTree = "<group>";
		};
		F5D6319C220F0317008AB5EE /* Networking */ = {
			isa = PBXGroup;
			children = (
				F5D6319A220F02B4008AB5EE /* Albums.swift */,
				F5D631A5220F13B6008AB5EE /* Support */,
			);
			path = Networking;
			sourceTree = "<group>";
		};
		F5D631A5220F13B6008AB5EE /* Support */ = {
			isa = PBXGroup;
			children = (
				F5D631A3220F122D008AB5EE /* Configuration.swift */,
				F5D6319F220F0FB3008AB5EE /* Logger.swift */,
				F5D631A1220F11F0008AB5EE /* NetworkingResult.swift */,
				F5D631BD220F619B008AB5EE /* URLParametersConvertible.swift */,
			);
			path = Support;
			sourceTree = "<group>";
		};
		F5D631A8220F198E008AB5EE /* 2.Views */ = {
			isa = PBXGroup;
			children = (
				F5D631BF220F625B008AB5EE /* Extensions */,
				F5F176EA2210A8C2004DC65A /* Library */,
				F5B65DDF2219B21400465444 /* UserStories */,
			);
			path = 2.Views;
			sourceTree = "<group>";
		};
		F5D631AE220F33E4008AB5EE /* Music2Tests */ = {
			isa = PBXGroup;
			children = (
				F5D631B8220F5926008AB5EE /* Helpers */,
				F5D631B7220F591D008AB5EE /* Tests */,
				F5D631B1220F33E4008AB5EE /* Info.plist */,
			);
			path = Music2Tests;
			sourceTree = "<group>";
		};
		F5D631B7220F591D008AB5EE /* Tests */ = {
			isa = PBXGroup;
			children = (
				F5D631AF220F33E4008AB5EE /* AlbumsListTests.swift */,
			);
			path = Tests;
			sourceTree = "<group>";
		};
		F5D631B8220F5926008AB5EE /* Helpers */ = {
			isa = PBXGroup;
			children = (
				F5D631B9220F5942008AB5EE /* MockError.swift */,
				F5D631BB220F596C008AB5EE /* ModelMocks.swift */,
			);
			path = Helpers;
			sourceTree = "<group>";
		};
		F5D631BF220F625B008AB5EE /* Extensions */ = {
			isa = PBXGroup;
			children = (
				F5D631C0220F637F008AB5EE /* UITableView+Rx.swift */,
				F5B65DE42219C27F00465444 /* UIViewController+M.swift */,
				F5B65DE62219C8D400465444 /* UIView+M.swift */,
			);
			path = Extensions;
			sourceTree = "<group>";
		};
		F5D631C4220F6E23008AB5EE /* Domain */ = {
			isa = PBXGroup;
			children = (
				F5D631C5220F6E31008AB5EE /* Album.swift */,
			);
			path = Domain;
			sourceTree = "<group>";
		};
		F5E16C5521F49CC300C8A732 = {
			isa = PBXGroup;
			children = (
				F5E16C6021F49CC300C8A732 /* Music2 */,
				F5D631AE220F33E4008AB5EE /* Music2Tests */,
				F5E16C5F21F49CC300C8A732 /* Products */,
				DECCE77A8806A16A695D9041 /* Pods */,
				EA36EA1CF4756B0A57B63E5F /* Frameworks */,
			);
			sourceTree = "<group>";
		};
		F5E16C5F21F49CC300C8A732 /* Products */ = {
			isa = PBXGroup;
			children = (
				F5E16C5E21F49CC300C8A732 /* Music2.app */,
				F5D631AD220F33E4008AB5EE /* Music2Tests.xctest */,
			);
			name = Products;
			sourceTree = "<group>";
		};
		F5E16C6021F49CC300C8A732 /* Music2 */ = {
			isa = PBXGroup;
			children = (
				F5E16C6D21F49CC400C8A732 /* Info.plist */,
				F5E16C7421F49F7100C8A732 /* 1.Application */,
				F5D631A8220F198E008AB5EE /* 2.Views */,
				F5E16C7321F49F6400C8A732 /* 3.UseCases */,
				F5D63199220F0273008AB5EE /* 4.Services */,
				F5E16C7821F4B59600C8A732 /* 5.Library */,
				F5E16C7521F49F7D00C8A732 /* Resources */,
			);
			path = Music2;
			sourceTree = "<group>";
		};
		F5E16C7321F49F6400C8A732 /* 3.UseCases */ = {
			isa = PBXGroup;
			children = (
				F5E16C7621F4B23700C8A732 /* AlbumsList.swift */,
				F5F176E222108F87004DC65A /* AlbumTracks.swift */,
				F5D631C4220F6E23008AB5EE /* Domain */,
			);
			path = 3.UseCases;
			sourceTree = "<group>";
		};
		F5E16C7421F49F7100C8A732 /* 1.Application */ = {
			isa = PBXGroup;
			children = (
				F5E16C6121F49CC300C8A732 /* AppDelegate.swift */,
			);
			path = 1.Application;
			sourceTree = "<group>";
		};
		F5E16C7521F49F7D00C8A732 /* Resources */ = {
			isa = PBXGroup;
			children = (
				F5F176E822109D59004DC65A /* Assets.auto.swift */,
				F5F176DB22104542004DC65A /* Color.swift */,
				F5F176E022106970004DC65A /* Font.swift */,
				F5E16C6821F49CC400C8A732 /* Assets.xcassets */,
				F5E16C6A21F49CC400C8A732 /* LaunchScreen.storyboard */,
			);
			path = Resources;
			sourceTree = "<group>";
		};
		F5E16C7821F4B59600C8A732 /* 5.Library */ = {
			isa = PBXGroup;
			children = (
				F5E16C7921F4B5C300C8A732 /* Transformable.swift */,
				F5D631C2220F6C88008AB5EE /* Rx.swift */,
			);
			path = 5.Library;
			sourceTree = "<group>";
		};
		F5F176D722103BD0004DC65A /* AlbumsList */ = {
			isa = PBXGroup;
			children = (
				F5E16C6321F49CC300C8A732 /* AlbumsListViewController.swift */,
				F5F176D822103C2F004DC65A /* AlbumCell.swift */,
			);
			path = AlbumsList;
			sourceTree = "<group>";
		};
		F5F176DF2210659D004DC65A /* AlbumTracks */ = {
			isa = PBXGroup;
			children = (
				F5B65DE02219B62500465444 /* AlbumTracksTopBar.swift */,
				F5F176DD22106599004DC65A /* AlbumTracksViewController.swift */,
				F5F176E4221092FF004DC65A /* MusicTrackCell.swift */,
			);
			path = AlbumTracks;
			sourceTree = "<group>";
		};
		F5F176EA2210A8C2004DC65A /* Library */ = {
			isa = PBXGroup;
			children = (
				F5B65DDD2219B20700465444 /* BottomSheetController.swift */,
				F5F176EB2210A8D0004DC65A /* GradientView.swift */,
				F59D48E82221C62200B23798 /* MView.swift */,
				F53D25C622187772004BBD2B /* NavigationController.swift */,
				F59D48EC2221C64E00B23798 /* AudioPlayer */,
			);
			path = Library;
			sourceTree = "<group>";
		};
/* End PBXGroup section */

/* Begin PBXNativeTarget section */
		F5D631AC220F33E4008AB5EE /* Music2Tests */ = {
			isa = PBXNativeTarget;
			buildConfigurationList = F5D631B4220F33E4008AB5EE /* Build configuration list for PBXNativeTarget "Music2Tests" */;
			buildPhases = (
				E9268DA9034332F8B866347B /* [CP] Check Pods Manifest.lock */,
				F5D631A9220F33E4008AB5EE /* Sources */,
				F5D631AA220F33E4008AB5EE /* Frameworks */,
				F5D631AB220F33E4008AB5EE /* Resources */,
				ECF6827465DF5DDE39D41703 /* [CP] Embed Pods Frameworks */,
			);
			buildRules = (
			);
			dependencies = (
				F5D631B3220F33E4008AB5EE /* PBXTargetDependency */,
			);
			name = Music2Tests;
			productName = Music2Tests;
			productReference = F5D631AD220F33E4008AB5EE /* Music2Tests.xctest */;
			productType = "com.apple.product-type.bundle.unit-test";
		};
		F5E16C5D21F49CC300C8A732 /* Music2 */ = {
			isa = PBXNativeTarget;
			buildConfigurationList = F5E16C7021F49CC400C8A732 /* Build configuration list for PBXNativeTarget "Music2" */;
			buildPhases = (
				52E08C3A1BE6708413D71F2F /* [CP] Check Pods Manifest.lock */,
				F5E16C5A21F49CC300C8A732 /* Sources */,
				F5E16C5B21F49CC300C8A732 /* Frameworks */,
				F5E16C5C21F49CC300C8A732 /* Resources */,
				DC7BB5B3A6056D5569CF5434 /* [CP] Embed Pods Frameworks */,
				F5F176E722109D3D004DC65A /* SwiftGen */,
			);
			buildRules = (
			);
			dependencies = (
			);
			name = Music2;
			productName = Music2;
			productReference = F5E16C5E21F49CC300C8A732 /* Music2.app */;
			productType = "com.apple.product-type.application";
		};
/* End PBXNativeTarget section */

/* Begin PBXProject section */
		F5E16C5621F49CC300C8A732 /* Project object */ = {
			isa = PBXProject;
			attributes = {
				LastSwiftUpdateCheck = 1010;
				LastUpgradeCheck = 1010;
				ORGANIZATIONNAME = "Vladislav Librecht";
				TargetAttributes = {
					F5D631AC220F33E4008AB5EE = {
						CreatedOnToolsVersion = 10.1;
						TestTargetID = F5E16C5D21F49CC300C8A732;
					};
					F5E16C5D21F49CC300C8A732 = {
						CreatedOnToolsVersion = 10.1;
						SystemCapabilities = {
							com.apple.BackgroundModes = {
								enabled = 0;
							};
						};
					};
				};
			};
			buildConfigurationList = F5E16C5921F49CC300C8A732 /* Build configuration list for PBXProject "Music2" */;
			compatibilityVersion = "Xcode 9.3";
			developmentRegion = en;
			hasScannedForEncodings = 0;
			knownRegions = (
				en,
				Base,
			);
			mainGroup = F5E16C5521F49CC300C8A732;
			productRefGroup = F5E16C5F21F49CC300C8A732 /* Products */;
			projectDirPath = "";
			projectRoot = "";
			targets = (
				F5E16C5D21F49CC300C8A732 /* Music2 */,
				F5D631AC220F33E4008AB5EE /* Music2Tests */,
			);
		};
/* End PBXProject section */

/* Begin PBXResourcesBuildPhase section */
		F5D631AB220F33E4008AB5EE /* Resources */ = {
			isa = PBXResourcesBuildPhase;
			buildActionMask = 2147483647;
			files = (
			);
			runOnlyForDeploymentPostprocessing = 0;
		};
		F5E16C5C21F49CC300C8A732 /* Resources */ = {
			isa = PBXResourcesBuildPhase;
			buildActionMask = 2147483647;
			files = (
				F5E16C6C21F49CC400C8A732 /* LaunchScreen.storyboard in Resources */,
				F5E16C6921F49CC400C8A732 /* Assets.xcassets in Resources */,
			);
			runOnlyForDeploymentPostprocessing = 0;
		};
/* End PBXResourcesBuildPhase section */

/* Begin PBXShellScriptBuildPhase section */
		52E08C3A1BE6708413D71F2F /* [CP] Check Pods Manifest.lock */ = {
			isa = PBXShellScriptBuildPhase;
			buildActionMask = 2147483647;
			files = (
			);
			inputFileListPaths = (
			);
			inputPaths = (
				"${PODS_PODFILE_DIR_PATH}/Podfile.lock",
				"${PODS_ROOT}/Manifest.lock",
			);
			name = "[CP] Check Pods Manifest.lock";
			outputFileListPaths = (
			);
			outputPaths = (
				"$(DERIVED_FILE_DIR)/Pods-Music2-checkManifestLockResult.txt",
			);
			runOnlyForDeploymentPostprocessing = 0;
			shellPath = /bin/sh;
			shellScript = "diff \"${PODS_PODFILE_DIR_PATH}/Podfile.lock\" \"${PODS_ROOT}/Manifest.lock\" > /dev/null\nif [ $? != 0 ] ; then\n    # print error to STDERR\n    echo \"error: The sandbox is not in sync with the Podfile.lock. Run 'pod install' or update your CocoaPods installation.\" >&2\n    exit 1\nfi\n# This output is used by Xcode 'outputs' to avoid re-running this script phase.\necho \"SUCCESS\" > \"${SCRIPT_OUTPUT_FILE_0}\"\n";
			showEnvVarsInLog = 0;
		};
		DC7BB5B3A6056D5569CF5434 /* [CP] Embed Pods Frameworks */ = {
			isa = PBXShellScriptBuildPhase;
			buildActionMask = 2147483647;
			files = (
			);
			inputFileListPaths = (
			);
			inputPaths = (
				"${SRCROOT}/Pods/Target Support Files/Pods-Music2/Pods-Music2-frameworks.sh",
				"${BUILT_PRODUCTS_DIR}/Alamofire/Alamofire.framework",
				"${BUILT_PRODUCTS_DIR}/Differentiator/Differentiator.framework",
				"${BUILT_PRODUCTS_DIR}/Hero/Hero.framework",
				"${BUILT_PRODUCTS_DIR}/Kingfisher/Kingfisher.framework",
				"${BUILT_PRODUCTS_DIR}/Moya/Moya.framework",
				"${BUILT_PRODUCTS_DIR}/Result/Result.framework",
				"${BUILT_PRODUCTS_DIR}/Reusable/Reusable.framework",
				"${BUILT_PRODUCTS_DIR}/RxAtomic/RxAtomic.framework",
				"${BUILT_PRODUCTS_DIR}/RxCocoa/RxCocoa.framework",
				"${BUILT_PRODUCTS_DIR}/RxDataSources/RxDataSources.framework",
				"${BUILT_PRODUCTS_DIR}/RxFeedback/RxFeedback.framework",
				"${BUILT_PRODUCTS_DIR}/RxOptional/RxOptional.framework",
				"${BUILT_PRODUCTS_DIR}/RxSwift/RxSwift.framework",
			);
			name = "[CP] Embed Pods Frameworks";
			outputFileListPaths = (
			);
			outputPaths = (
				"${TARGET_BUILD_DIR}/${FRAMEWORKS_FOLDER_PATH}/Alamofire.framework",
				"${TARGET_BUILD_DIR}/${FRAMEWORKS_FOLDER_PATH}/Differentiator.framework",
				"${TARGET_BUILD_DIR}/${FRAMEWORKS_FOLDER_PATH}/Hero.framework",
				"${TARGET_BUILD_DIR}/${FRAMEWORKS_FOLDER_PATH}/Kingfisher.framework",
				"${TARGET_BUILD_DIR}/${FRAMEWORKS_FOLDER_PATH}/Moya.framework",
				"${TARGET_BUILD_DIR}/${FRAMEWORKS_FOLDER_PATH}/Result.framework",
				"${TARGET_BUILD_DIR}/${FRAMEWORKS_FOLDER_PATH}/Reusable.framework",
				"${TARGET_BUILD_DIR}/${FRAMEWORKS_FOLDER_PATH}/RxAtomic.framework",
				"${TARGET_BUILD_DIR}/${FRAMEWORKS_FOLDER_PATH}/RxCocoa.framework",
				"${TARGET_BUILD_DIR}/${FRAMEWORKS_FOLDER_PATH}/RxDataSources.framework",
				"${TARGET_BUILD_DIR}/${FRAMEWORKS_FOLDER_PATH}/RxFeedback.framework",
				"${TARGET_BUILD_DIR}/${FRAMEWORKS_FOLDER_PATH}/RxOptional.framework",
				"${TARGET_BUILD_DIR}/${FRAMEWORKS_FOLDER_PATH}/RxSwift.framework",
			);
			runOnlyForDeploymentPostprocessing = 0;
			shellPath = /bin/sh;
			shellScript = "\"${SRCROOT}/Pods/Target Support Files/Pods-Music2/Pods-Music2-frameworks.sh\"\n";
			showEnvVarsInLog = 0;
		};
		E9268DA9034332F8B866347B /* [CP] Check Pods Manifest.lock */ = {
			isa = PBXShellScriptBuildPhase;
			buildActionMask = 2147483647;
			files = (
			);
			inputFileListPaths = (
			);
			inputPaths = (
				"${PODS_PODFILE_DIR_PATH}/Podfile.lock",
				"${PODS_ROOT}/Manifest.lock",
			);
			name = "[CP] Check Pods Manifest.lock";
			outputFileListPaths = (
			);
			outputPaths = (
				"$(DERIVED_FILE_DIR)/Pods-Music2Tests-checkManifestLockResult.txt",
			);
			runOnlyForDeploymentPostprocessing = 0;
			shellPath = /bin/sh;
			shellScript = "diff \"${PODS_PODFILE_DIR_PATH}/Podfile.lock\" \"${PODS_ROOT}/Manifest.lock\" > /dev/null\nif [ $? != 0 ] ; then\n    # print error to STDERR\n    echo \"error: The sandbox is not in sync with the Podfile.lock. Run 'pod install' or update your CocoaPods installation.\" >&2\n    exit 1\nfi\n# This output is used by Xcode 'outputs' to avoid re-running this script phase.\necho \"SUCCESS\" > \"${SCRIPT_OUTPUT_FILE_0}\"\n";
			showEnvVarsInLog = 0;
		};
		ECF6827465DF5DDE39D41703 /* [CP] Embed Pods Frameworks */ = {
			isa = PBXShellScriptBuildPhase;
			buildActionMask = 2147483647;
			files = (
			);
			inputFileListPaths = (
			);
			inputPaths = (
				"${SRCROOT}/Pods/Target Support Files/Pods-Music2Tests/Pods-Music2Tests-frameworks.sh",
				"${BUILT_PRODUCTS_DIR}/Result/Result.framework",
			);
			name = "[CP] Embed Pods Frameworks";
			outputFileListPaths = (
			);
			outputPaths = (
				"${TARGET_BUILD_DIR}/${FRAMEWORKS_FOLDER_PATH}/Result.framework",
			);
			runOnlyForDeploymentPostprocessing = 0;
			shellPath = /bin/sh;
			shellScript = "\"${SRCROOT}/Pods/Target Support Files/Pods-Music2Tests/Pods-Music2Tests-frameworks.sh\"\n";
			showEnvVarsInLog = 0;
		};
		F5F176E722109D3D004DC65A /* SwiftGen */ = {
			isa = PBXShellScriptBuildPhase;
			buildActionMask = 2147483647;
			files = (
			);
			inputFileListPaths = (
			);
			inputPaths = (
			);
			name = SwiftGen;
			outputFileListPaths = (
			);
			outputPaths = (
			);
			runOnlyForDeploymentPostprocessing = 0;
			shellPath = /bin/sh;
			shellScript = "\"${PODS_ROOT}/SwiftGen/bin/swiftgen\"\n";
		};
/* End PBXShellScriptBuildPhase section */

/* Begin PBXSourcesBuildPhase section */
		F5D631A9220F33E4008AB5EE /* Sources */ = {
			isa = PBXSourcesBuildPhase;
			buildActionMask = 2147483647;
			files = (
				F5D631BA220F5942008AB5EE /* MockError.swift in Sources */,
				F5D631BC220F596C008AB5EE /* ModelMocks.swift in Sources */,
				F5D631B0220F33E4008AB5EE /* AlbumsListTests.swift in Sources */,
			);
			runOnlyForDeploymentPostprocessing = 0;
		};
		F5E16C5A21F49CC300C8A732 /* Sources */ = {
			isa = PBXSourcesBuildPhase;
			buildActionMask = 2147483647;
			files = (
				F59D48EB2221C64B00B23798 /* AudioPlayerView.swift in Sources */,
				F5B65DDE2219B20700465444 /* BottomSheetController.swift in Sources */,
				F5D631C6220F6E31008AB5EE /* Album.swift in Sources */,
				F5B65DDC2219B1E000465444 /* MainViewController.swift in Sources */,
				F59D48F02221C69800B23798 /* PlaybackControl.swift in Sources */,
				F5D6319B220F02B4008AB5EE /* Albums.swift in Sources */,
				F5F176E922109D59004DC65A /* Assets.auto.swift in Sources */,
				F5B65DE52219C27F00465444 /* UIViewController+M.swift in Sources */,
				F59D48EE2221C68500B23798 /* VolumeControl.swift in Sources */,
				F5F176DE22106599004DC65A /* AlbumTracksViewController.swift in Sources */,
				F5D6319E220F0472008AB5EE /* Environment.swift in Sources */,
				F5F176D922103C2F004DC65A /* AlbumCell.swift in Sources */,
				F5D631C1220F637F008AB5EE /* UITableView+Rx.swift in Sources */,
				F5D631A2220F11F0008AB5EE /* NetworkingResult.swift in Sources */,
				F5B65DE32219BE6B00465444 /* AudioPlayerViewController.swift in Sources */,
				F5D631A4220F122D008AB5EE /* Configuration.swift in Sources */,
				F5D631C3220F6C88008AB5EE /* Rx.swift in Sources */,
				F5F176DC22104542004DC65A /* Color.swift in Sources */,
				F53D25C722187772004BBD2B /* NavigationController.swift in Sources */,
				F5B65DE72219C8D400465444 /* UIView+M.swift in Sources */,
				F5F176EC2210A8D0004DC65A /* GradientView.swift in Sources */,
				F59D48E92221C62200B23798 /* MView.swift in Sources */,
				F5E16C7721F4B23700C8A732 /* AlbumsList.swift in Sources */,
				F5B65DE12219B62500465444 /* AlbumTracksTopBar.swift in Sources */,
				F5F176E5221092FF004DC65A /* MusicTrackCell.swift in Sources */,
				F5D631BE220F619B008AB5EE /* URLParametersConvertible.swift in Sources */,
				F5F176E122106970004DC65A /* Font.swift in Sources */,
				F5F100A12219CB5A00C649E4 /* AudioPlayer.swift in Sources */,
				F5F176E322108F87004DC65A /* AlbumTracks.swift in Sources */,
				F5E16C6421F49CC300C8A732 /* AlbumsListViewController.swift in Sources */,
				F5D631A0220F0FB3008AB5EE /* Logger.swift in Sources */,
				F5E16C7A21F4B5C300C8A732 /* Transformable.swift in Sources */,
				F5E16C6221F49CC300C8A732 /* AppDelegate.swift in Sources */,
			);
			runOnlyForDeploymentPostprocessing = 0;
		};
/* End PBXSourcesBuildPhase section */

/* Begin PBXTargetDependency section */
		F5D631B3220F33E4008AB5EE /* PBXTargetDependency */ = {
			isa = PBXTargetDependency;
			target = F5E16C5D21F49CC300C8A732 /* Music2 */;
			targetProxy = F5D631B2220F33E4008AB5EE /* PBXContainerItemProxy */;
		};
/* End PBXTargetDependency section */

/* Begin PBXVariantGroup section */
		F5E16C6A21F49CC400C8A732 /* LaunchScreen.storyboard */ = {
			isa = PBXVariantGroup;
			children = (
				F5E16C6B21F49CC400C8A732 /* Base */,
			);
			name = LaunchScreen.storyboard;
			sourceTree = "<group>";
		};
/* End PBXVariantGroup section */

/* Begin XCBuildConfiguration section */
		F5D631B5220F33E4008AB5EE /* Debug */ = {
			isa = XCBuildConfiguration;
			baseConfigurationReference = ECC536FDE4FF65523E3433F2 /* Pods-Music2Tests.debug.xcconfig */;
			buildSettings = {
				BUNDLE_LOADER = "$(TEST_HOST)";
				CODE_SIGN_STYLE = Automatic;
				DEVELOPMENT_TEAM = X77EZY7VKW;
				INFOPLIST_FILE = Music2Tests/Info.plist;
				LD_RUNPATH_SEARCH_PATHS = (
					"$(inherited)",
					"@executable_path/Frameworks",
					"@loader_path/Frameworks",
				);
				PRODUCT_BUNDLE_IDENTIFIER = com.cizoo.Music2Tests;
				PRODUCT_NAME = "$(TARGET_NAME)";
				SWIFT_VERSION = 4.2;
				TARGETED_DEVICE_FAMILY = "1,2";
				TEST_HOST = "$(BUILT_PRODUCTS_DIR)/Music2.app/Music2";
			};
			name = Debug;
		};
		F5D631B6220F33E4008AB5EE /* Release */ = {
			isa = XCBuildConfiguration;
			baseConfigurationReference = 701CF3C3B328D5ABD758C12A /* Pods-Music2Tests.release.xcconfig */;
			buildSettings = {
				BUNDLE_LOADER = "$(TEST_HOST)";
				CODE_SIGN_STYLE = Automatic;
				DEVELOPMENT_TEAM = X77EZY7VKW;
				INFOPLIST_FILE = Music2Tests/Info.plist;
				LD_RUNPATH_SEARCH_PATHS = (
					"$(inherited)",
					"@executable_path/Frameworks",
					"@loader_path/Frameworks",
				);
				PRODUCT_BUNDLE_IDENTIFIER = com.cizoo.Music2Tests;
				PRODUCT_NAME = "$(TARGET_NAME)";
				SWIFT_VERSION = 4.2;
				TARGETED_DEVICE_FAMILY = "1,2";
				TEST_HOST = "$(BUILT_PRODUCTS_DIR)/Music2.app/Music2";
			};
			name = Release;
		};
		F5E16C6E21F49CC400C8A732 /* Debug */ = {
			isa = XCBuildConfiguration;
			buildSettings = {
				ALWAYS_SEARCH_USER_PATHS = NO;
				CLANG_ANALYZER_NONNULL = YES;
				CLANG_ANALYZER_NUMBER_OBJECT_CONVERSION = YES_AGGRESSIVE;
				CLANG_CXX_LANGUAGE_STANDARD = "gnu++14";
				CLANG_CXX_LIBRARY = "libc++";
				CLANG_ENABLE_MODULES = YES;
				CLANG_ENABLE_OBJC_ARC = YES;
				CLANG_ENABLE_OBJC_WEAK = YES;
				CLANG_WARN_BLOCK_CAPTURE_AUTORELEASING = YES;
				CLANG_WARN_BOOL_CONVERSION = YES;
				CLANG_WARN_COMMA = YES;
				CLANG_WARN_CONSTANT_CONVERSION = YES;
				CLANG_WARN_DEPRECATED_OBJC_IMPLEMENTATIONS = YES;
				CLANG_WARN_DIRECT_OBJC_ISA_USAGE = YES_ERROR;
				CLANG_WARN_DOCUMENTATION_COMMENTS = YES;
				CLANG_WARN_EMPTY_BODY = YES;
				CLANG_WARN_ENUM_CONVERSION = YES;
				CLANG_WARN_INFINITE_RECURSION = YES;
				CLANG_WARN_INT_CONVERSION = YES;
				CLANG_WARN_NON_LITERAL_NULL_CONVERSION = YES;
				CLANG_WARN_OBJC_IMPLICIT_RETAIN_SELF = YES;
				CLANG_WARN_OBJC_LITERAL_CONVERSION = YES;
				CLANG_WARN_OBJC_ROOT_CLASS = YES_ERROR;
				CLANG_WARN_RANGE_LOOP_ANALYSIS = YES;
				CLANG_WARN_STRICT_PROTOTYPES = YES;
				CLANG_WARN_SUSPICIOUS_MOVE = YES;
				CLANG_WARN_UNGUARDED_AVAILABILITY = YES_AGGRESSIVE;
				CLANG_WARN_UNREACHABLE_CODE = YES;
				CLANG_WARN__DUPLICATE_METHOD_MATCH = YES;
				CODE_SIGN_IDENTITY = "iPhone Developer";
				COPY_PHASE_STRIP = NO;
				DEBUG_INFORMATION_FORMAT = dwarf;
				ENABLE_STRICT_OBJC_MSGSEND = YES;
				ENABLE_TESTABILITY = YES;
				GCC_C_LANGUAGE_STANDARD = gnu11;
				GCC_DYNAMIC_NO_PIC = NO;
				GCC_NO_COMMON_BLOCKS = YES;
				GCC_OPTIMIZATION_LEVEL = 0;
				GCC_PREPROCESSOR_DEFINITIONS = (
					"DEBUG=1",
					"$(inherited)",
				);
				GCC_WARN_64_TO_32_BIT_CONVERSION = YES;
				GCC_WARN_ABOUT_RETURN_TYPE = YES_ERROR;
				GCC_WARN_UNDECLARED_SELECTOR = YES;
				GCC_WARN_UNINITIALIZED_AUTOS = YES_AGGRESSIVE;
				GCC_WARN_UNUSED_FUNCTION = YES;
				GCC_WARN_UNUSED_VARIABLE = YES;
				IPHONEOS_DEPLOYMENT_TARGET = 12.1;
				MTL_ENABLE_DEBUG_INFO = INCLUDE_SOURCE;
				MTL_FAST_MATH = YES;
				ONLY_ACTIVE_ARCH = YES;
				SDKROOT = iphoneos;
				SWIFT_ACTIVE_COMPILATION_CONDITIONS = DEBUG;
				SWIFT_OPTIMIZATION_LEVEL = "-Onone";
			};
			name = Debug;
		};
		F5E16C6F21F49CC400C8A732 /* Release */ = {
			isa = XCBuildConfiguration;
			buildSettings = {
				ALWAYS_SEARCH_USER_PATHS = NO;
				CLANG_ANALYZER_NONNULL = YES;
				CLANG_ANALYZER_NUMBER_OBJECT_CONVERSION = YES_AGGRESSIVE;
				CLANG_CXX_LANGUAGE_STANDARD = "gnu++14";
				CLANG_CXX_LIBRARY = "libc++";
				CLANG_ENABLE_MODULES = YES;
				CLANG_ENABLE_OBJC_ARC = YES;
				CLANG_ENABLE_OBJC_WEAK = YES;
				CLANG_WARN_BLOCK_CAPTURE_AUTORELEASING = YES;
				CLANG_WARN_BOOL_CONVERSION = YES;
				CLANG_WARN_COMMA = YES;
				CLANG_WARN_CONSTANT_CONVERSION = YES;
				CLANG_WARN_DEPRECATED_OBJC_IMPLEMENTATIONS = YES;
				CLANG_WARN_DIRECT_OBJC_ISA_USAGE = YES_ERROR;
				CLANG_WARN_DOCUMENTATION_COMMENTS = YES;
				CLANG_WARN_EMPTY_BODY = YES;
				CLANG_WARN_ENUM_CONVERSION = YES;
				CLANG_WARN_INFINITE_RECURSION = YES;
				CLANG_WARN_INT_CONVERSION = YES;
				CLANG_WARN_NON_LITERAL_NULL_CONVERSION = YES;
				CLANG_WARN_OBJC_IMPLICIT_RETAIN_SELF = YES;
				CLANG_WARN_OBJC_LITERAL_CONVERSION = YES;
				CLANG_WARN_OBJC_ROOT_CLASS = YES_ERROR;
				CLANG_WARN_RANGE_LOOP_ANALYSIS = YES;
				CLANG_WARN_STRICT_PROTOTYPES = YES;
				CLANG_WARN_SUSPICIOUS_MOVE = YES;
				CLANG_WARN_UNGUARDED_AVAILABILITY = YES_AGGRESSIVE;
				CLANG_WARN_UNREACHABLE_CODE = YES;
				CLANG_WARN__DUPLICATE_METHOD_MATCH = YES;
				CODE_SIGN_IDENTITY = "iPhone Developer";
				COPY_PHASE_STRIP = NO;
				DEBUG_INFORMATION_FORMAT = "dwarf-with-dsym";
				ENABLE_NS_ASSERTIONS = NO;
				ENABLE_STRICT_OBJC_MSGSEND = YES;
				GCC_C_LANGUAGE_STANDARD = gnu11;
				GCC_NO_COMMON_BLOCKS = YES;
				GCC_WARN_64_TO_32_BIT_CONVERSION = YES;
				GCC_WARN_ABOUT_RETURN_TYPE = YES_ERROR;
				GCC_WARN_UNDECLARED_SELECTOR = YES;
				GCC_WARN_UNINITIALIZED_AUTOS = YES_AGGRESSIVE;
				GCC_WARN_UNUSED_FUNCTION = YES;
				GCC_WARN_UNUSED_VARIABLE = YES;
				IPHONEOS_DEPLOYMENT_TARGET = 12.1;
				MTL_ENABLE_DEBUG_INFO = NO;
				MTL_FAST_MATH = YES;
				SDKROOT = iphoneos;
				SWIFT_COMPILATION_MODE = wholemodule;
				SWIFT_OPTIMIZATION_LEVEL = "-O";
				VALIDATE_PRODUCT = YES;
			};
			name = Release;
		};
		F5E16C7121F49CC400C8A732 /* Debug */ = {
			isa = XCBuildConfiguration;
			baseConfigurationReference = 6A37FC3C199D7DE4F4055F6C /* Pods-Music2.debug.xcconfig */;
			buildSettings = {
				ASSETCATALOG_COMPILER_APPICON_NAME = AppIcon;
				CODE_SIGN_STYLE = Automatic;
				DEVELOPMENT_TEAM = X77EZY7VKW;
				INFOPLIST_FILE = Music2/Info.plist;
				LD_RUNPATH_SEARCH_PATHS = (
					"$(inherited)",
					"@executable_path/Frameworks",
				);
				PRODUCT_BUNDLE_IDENTIFIER = com.librecht.Music2;
				PRODUCT_NAME = "$(TARGET_NAME)";
				SWIFT_VERSION = 4.2;
				TARGETED_DEVICE_FAMILY = "1,2";
			};
			name = Debug;
		};
		F5E16C7221F49CC400C8A732 /* Release */ = {
			isa = XCBuildConfiguration;
			baseConfigurationReference = B2D24787175BB08506EDB134 /* Pods-Music2.release.xcconfig */;
			buildSettings = {
				ASSETCATALOG_COMPILER_APPICON_NAME = AppIcon;
				CODE_SIGN_STYLE = Automatic;
				DEVELOPMENT_TEAM = X77EZY7VKW;
				INFOPLIST_FILE = Music2/Info.plist;
				LD_RUNPATH_SEARCH_PATHS = (
					"$(inherited)",
					"@executable_path/Frameworks",
				);
				PRODUCT_BUNDLE_IDENTIFIER = com.librecht.Music2;
				PRODUCT_NAME = "$(TARGET_NAME)";
				SWIFT_VERSION = 4.2;
				TARGETED_DEVICE_FAMILY = "1,2";
			};
			name = Release;
		};
/* End XCBuildConfiguration section */

/* Begin XCConfigurationList section */
		F5D631B4220F33E4008AB5EE /* Build configuration list for PBXNativeTarget "Music2Tests" */ = {
			isa = XCConfigurationList;
			buildConfigurations = (
				F5D631B5220F33E4008AB5EE /* Debug */,
				F5D631B6220F33E4008AB5EE /* Release */,
			);
			defaultConfigurationIsVisible = 0;
			defaultConfigurationName = Release;
		};
		F5E16C5921F49CC300C8A732 /* Build configuration list for PBXProject "Music2" */ = {
			isa = XCConfigurationList;
			buildConfigurations = (
				F5E16C6E21F49CC400C8A732 /* Debug */,
				F5E16C6F21F49CC400C8A732 /* Release */,
			);
			defaultConfigurationIsVisible = 0;
			defaultConfigurationName = Release;
		};
		F5E16C7021F49CC400C8A732 /* Build configuration list for PBXNativeTarget "Music2" */ = {
			isa = XCConfigurationList;
			buildConfigurations = (
				F5E16C7121F49CC400C8A732 /* Debug */,
				F5E16C7221F49CC400C8A732 /* Release */,
			);
			defaultConfigurationIsVisible = 0;
			defaultConfigurationName = Release;
		};
/* End XCConfigurationList section */
	};
	rootObject = F5E16C5621F49CC300C8A732 /* Project object */;
}
