// !$*UTF8*$!
{
	archiveVersion = 1;
	classes = {
	};
	objectVersion = 50;
	objects = {

/* Begin PBXBuildFile section */
		F5E16C6221F49CC300C8A732 /* AppDelegate.swift in Sources */ = {isa = PBXBuildFile; fileRef = F5E16C6121F49CC300C8A732 /* AppDelegate.swift */; };
		F5E16C6421F49CC300C8A732 /* ViewController.swift in Sources */ = {isa = PBXBuildFile; fileRef = F5E16C6321F49CC300C8A732 /* ViewController.swift */; };
		F5E16C6721F49CC300C8A732 /* Main.storyboard in Resources */ = {isa = PBXBuildFile; fileRef = F5E16C6521F49CC300C8A732 /* Main.storyboard */; };
		F5E16C6921F49CC400C8A732 /* Assets.xcassets in Resources */ = {isa = PBXBuildFile; fileRef = F5E16C6821F49CC400C8A732 /* Assets.xcassets */; };
		F5E16C6C21F49CC400C8A732 /* LaunchScreen.storyboard in Resources */ = {isa = PBXBuildFile; fileRef = F5E16C6A21F49CC400C8A732 /* LaunchScreen.storyboard */; };
/* End PBXBuildFile section */

/* Begin PBXFileReference section */
		F5E16C5E21F49CC300C8A732 /* Music2.app */ = {isa = PBXFileReference; explicitFileType = wrapper.application; includeInIndex = 0; path = Music2.app; sourceTree = BUILT_PRODUCTS_DIR; };
		F5E16C6121F49CC300C8A732 /* AppDelegate.swift */ = {isa = PBXFileReference; lastKnownFileType = sourcecode.swift; path = AppDelegate.swift; sourceTree = "<group>"; };
		F5E16C6321F49CC300C8A732 /* ViewController.swift */ = {isa = PBXFileReference; lastKnownFileType = sourcecode.swift; path = ViewController.swift; sourceTree = "<group>"; };
		F5E16C6621F49CC300C8A732 /* Base */ = {isa = PBXFileReference; lastKnownFileType = file.storyboard; name = Base; path = Base.lproj/Main.storyboard; sourceTree = "<group>"; };
		F5E16C6821F49CC400C8A732 /* Assets.xcassets */ = {isa = PBXFileReference; lastKnownFileType = folder.assetcatalog; path = Assets.xcassets; sourceTree = "<group>"; };
		F5E16C6B21F49CC400C8A732 /* Base */ = {isa = PBXFileReference; lastKnownFileType = file.storyboard; name = Base; path = Base.lproj/LaunchScreen.storyboard; sourceTree = "<group>"; };
		F5E16C6D21F49CC400C8A732 /* Info.plist */ = {isa = PBXFileReference; lastKnownFileType = text.plist.xml; path = Info.plist; sourceTree = "<group>"; };
/* End PBXFileReference section */

/* Begin PBXFrameworksBuildPhase section */
		F5E16C5B21F49CC300C8A732 /* Frameworks */ = {
			isa = PBXFrameworksBuildPhase;
			buildActionMask = 2147483647;
			files = (
			);
			runOnlyForDeploymentPostprocessing = 0;
		};
/* End PBXFrameworksBuildPhase section */

/* Begin PBXGroup section */
		F5E16C5521F49CC300C8A732 = {
			isa = PBXGroup;
			children = (
				F5E16C6021F49CC300C8A732 /* Music2 */,
				F5E16C5F21F49CC300C8A732 /* Products */,
			);
			sourceTree = "<group>";
		};
		F5E16C5F21F49CC300C8A732 /* Products */ = {
			isa = PBXGroup;
			children = (
				F5E16C5E21F49CC300C8A732 /* Music2.app */,
			);
			name = Products;
			sourceTree = "<group>";
		};
		F5E16C6021F49CC300C8A732 /* Music2 */ = {
			isa = PBXGroup;
			children = (
				F5E16C6D21F49CC400C8A732 /* Info.plist */,
				F5E16C6321F49CC300C8A732 /* ViewController.swift */,
				F5E16C7421F49F7100C8A732 /* Application */,
				F5E16C7321F49F6400C8A732 /* Business */,
				F5E16C6521F49CC300C8A732 /* Main.storyboard */,
				F5E16C7521F49F7D00C8A732 /* Resources */,
			);
			path = Music2;
			sourceTree = "<group>";
		};
		F5E16C7321F49F6400C8A732 /* Business */ = {
			isa = PBXGroup;
			children = (
			);
			path = Business;
			sourceTree = "<group>";
		};
		F5E16C7421F49F7100C8A732 /* Application */ = {
			isa = PBXGroup;
			children = (
				F5E16C6121F49CC300C8A732 /* AppDelegate.swift */,
			);
			path = Application;
			sourceTree = "<group>";
		};
		F5E16C7521F49F7D00C8A732 /* Resources */ = {
			isa = PBXGroup;
			children = (
				F5E16C6821F49CC400C8A732 /* Assets.xcassets */,
				F5E16C6A21F49CC400C8A732 /* LaunchScreen.storyboard */,
			);
			path = Resources;
			sourceTree = "<group>";
		};
/* End PBXGroup section */

/* Begin PBXNativeTarget section */
		F5E16C5D21F49CC300C8A732 /* Music2 */ = {
			isa = PBXNativeTarget;
			buildConfigurationList = F5E16C7021F49CC400C8A732 /* Build configuration list for PBXNativeTarget "Music2" */;
			buildPhases = (
				F5E16C5A21F49CC300C8A732 /* Sources */,
				F5E16C5B21F49CC300C8A732 /* Frameworks */,
				F5E16C5C21F49CC300C8A732 /* Resources */,
			);
			buildRules = (
			);
			dependencies = (
			);
			name = Music2;
			productName = Music2;
			productReference = F5E16C5E21F49CC300C8A732 /* Music2.app */;
			productType = "com.apple.product-type.application";
		};
/* End PBXNativeTarget section */

/* Begin PBXProject section */
		F5E16C5621F49CC300C8A732 /* Project object */ = {
			isa = PBXProject;
			attributes = {
				LastSwiftUpdateCheck = 1010;
				LastUpgradeCheck = 1010;
				ORGANIZATIONNAME = "Vladislav Librecht";
				TargetAttributes = {
					F5E16C5D21F49CC300C8A732 = {
						CreatedOnToolsVersion = 10.1;
					};
				};
			};
			buildConfigurationList = F5E16C5921F49CC300C8A732 /* Build configuration list for PBXProject "Music2" */;
			compatibilityVersion = "Xcode 9.3";
			developmentRegion = en;
			hasScannedForEncodings = 0;
			knownRegions = (
				en,
				Base,
			);
			mainGroup = F5E16C5521F49CC300C8A732;
			productRefGroup = F5E16C5F21F49CC300C8A732 /* Products */;
			projectDirPath = "";
			projectRoot = "";
			targets = (
				F5E16C5D21F49CC300C8A732 /* Music2 */,
			);
		};
/* End PBXProject section */

/* Begin PBXResourcesBuildPhase section */
		F5E16C5C21F49CC300C8A732 /* Resources */ = {
			isa = PBXResourcesBuildPhase;
			buildActionMask = 2147483647;
			files = (
				F5E16C6C21F49CC400C8A732 /* LaunchScreen.storyboard in Resources */,
				F5E16C6921F49CC400C8A732 /* Assets.xcassets in Resources */,
				F5E16C6721F49CC300C8A732 /* Main.storyboard in Resources */,
			);
			runOnlyForDeploymentPostprocessing = 0;
		};
/* End PBXResourcesBuildPhase section */

/* Begin PBXSourcesBuildPhase section */
		F5E16C5A21F49CC300C8A732 /* Sources */ = {
			isa = PBXSourcesBuildPhase;
			buildActionMask = 2147483647;
			files = (
				F5E16C6421F49CC300C8A732 /* ViewController.swift in Sources */,
				F5E16C6221F49CC300C8A732 /* AppDelegate.swift in Sources */,
			);
			runOnlyForDeploymentPostprocessing = 0;
		};
/* End PBXSourcesBuildPhase section */

/* Begin PBXVariantGroup section */
		F5E16C6521F49CC300C8A732 /* Main.storyboard */ = {
			isa = PBXVariantGroup;
			children = (
				F5E16C6621F49CC300C8A732 /* Base */,
			);
			name = Main.storyboard;
			sourceTree = "<group>";
		};
		F5E16C6A21F49CC400C8A732 /* LaunchScreen.storyboard */ = {
			isa = PBXVariantGroup;
			children = (
				F5E16C6B21F49CC400C8A732 /* Base */,
			);
			name = LaunchScreen.storyboard;
			sourceTree = "<group>";
		};
/* End PBXVariantGroup section */

/* Begin XCBuildConfiguration section */
		F5E16C6E21F49CC400C8A732 /* Debug */ = {
			isa = XCBuildConfiguration;
			buildSettings = {
				ALWAYS_SEARCH_USER_PATHS = NO;
				CLANG_ANALYZER_NONNULL = YES;
				CLANG_ANALYZER_NUMBER_OBJECT_CONVERSION = YES_AGGRESSIVE;
				CLANG_CXX_LANGUAGE_STANDARD = "gnu++14";
				CLANG_CXX_LIBRARY = "libc++";
				CLANG_ENABLE_MODULES = YES;
				CLANG_ENABLE_OBJC_ARC = YES;
				CLANG_ENABLE_OBJC_WEAK = YES;
				CLANG_WARN_BLOCK_CAPTURE_AUTORELEASING = YES;
				CLANG_WARN_BOOL_CONVERSION = YES;
				CLANG_WARN_COMMA = YES;
				CLANG_WARN_CONSTANT_CONVERSION = YES;
				CLANG_WARN_DEPRECATED_OBJC_IMPLEMENTATIONS = YES;
				CLANG_WARN_DIRECT_OBJC_ISA_USAGE = YES_ERROR;
				CLANG_WARN_DOCUMENTATION_COMMENTS = YES;
				CLANG_WARN_EMPTY_BODY = YES;
				CLANG_WARN_ENUM_CONVERSION = YES;
				CLANG_WARN_INFINITE_RECURSION = YES;
				CLANG_WARN_INT_CONVERSION = YES;
				CLANG_WARN_NON_LITERAL_NULL_CONVERSION = YES;
				CLANG_WARN_OBJC_IMPLICIT_RETAIN_SELF = YES;
				CLANG_WARN_OBJC_LITERAL_CONVERSION = YES;
				CLANG_WARN_OBJC_ROOT_CLASS = YES_ERROR;
				CLANG_WARN_RANGE_LOOP_ANALYSIS = YES;
				CLANG_WARN_STRICT_PROTOTYPES = YES;
				CLANG_WARN_SUSPICIOUS_MOVE = YES;
				CLANG_WARN_UNGUARDED_AVAILABILITY = YES_AGGRESSIVE;
				CLANG_WARN_UNREACHABLE_CODE = YES;
				CLANG_WARN__DUPLICATE_METHOD_MATCH = YES;
				CODE_SIGN_IDENTITY = "iPhone Developer";
				COPY_PHASE_STRIP = NO;
				DEBUG_INFORMATION_FORMAT = dwarf;
				ENABLE_STRICT_OBJC_MSGSEND = YES;
				ENABLE_TESTABILITY = YES;
				GCC_C_LANGUAGE_STANDARD = gnu11;
				GCC_DYNAMIC_NO_PIC = NO;
				GCC_NO_COMMON_BLOCKS = YES;
				GCC_OPTIMIZATION_LEVEL = 0;
				GCC_PREPROCESSOR_DEFINITIONS = (
					"DEBUG=1",
					"$(inherited)",
				);
				GCC_WARN_64_TO_32_BIT_CONVERSION = YES;
				GCC_WARN_ABOUT_RETURN_TYPE = YES_ERROR;
				GCC_WARN_UNDECLARED_SELECTOR = YES;
				GCC_WARN_UNINITIALIZED_AUTOS = YES_AGGRESSIVE;
				GCC_WARN_UNUSED_FUNCTION = YES;
				GCC_WARN_UNUSED_VARIABLE = YES;
				IPHONEOS_DEPLOYMENT_TARGET = 12.1;
				MTL_ENABLE_DEBUG_INFO = INCLUDE_SOURCE;
				MTL_FAST_MATH = YES;
				ONLY_ACTIVE_ARCH = YES;
				SDKROOT = iphoneos;
				SWIFT_ACTIVE_COMPILATION_CONDITIONS = DEBUG;
				SWIFT_OPTIMIZATION_LEVEL = "-Onone";
			};
			name = Debug;
		};
		F5E16C6F21F49CC400C8A732 /* Release */ = {
			isa = XCBuildConfiguration;
			buildSettings = {
				ALWAYS_SEARCH_USER_PATHS = NO;
				CLANG_ANALYZER_NONNULL = YES;
				CLANG_ANALYZER_NUMBER_OBJECT_CONVERSION = YES_AGGRESSIVE;
				CLANG_CXX_LANGUAGE_STANDARD = "gnu++14";
				CLANG_CXX_LIBRARY = "libc++";
				CLANG_ENABLE_MODULES = YES;
				CLANG_ENABLE_OBJC_ARC = YES;
				CLANG_ENABLE_OBJC_WEAK = YES;
				CLANG_WARN_BLOCK_CAPTURE_AUTORELEASING = YES;
				CLANG_WARN_BOOL_CONVERSION = YES;
				CLANG_WARN_COMMA = YES;
				CLANG_WARN_CONSTANT_CONVERSION = YES;
				CLANG_WARN_DEPRECATED_OBJC_IMPLEMENTATIONS = YES;
				CLANG_WARN_DIRECT_OBJC_ISA_USAGE = YES_ERROR;
				CLANG_WARN_DOCUMENTATION_COMMENTS = YES;
				CLANG_WARN_EMPTY_BODY = YES;
				CLANG_WARN_ENUM_CONVERSION = YES;
				CLANG_WARN_INFINITE_RECURSION = YES;
				CLANG_WARN_INT_CONVERSION = YES;
				CLANG_WARN_NON_LITERAL_NULL_CONVERSION = YES;
				CLANG_WARN_OBJC_IMPLICIT_RETAIN_SELF = YES;
				CLANG_WARN_OBJC_LITERAL_CONVERSION = YES;
				CLANG_WARN_OBJC_ROOT_CLASS = YES_ERROR;
				CLANG_WARN_RANGE_LOOP_ANALYSIS = YES;
				CLANG_WARN_STRICT_PROTOTYPES = YES;
				CLANG_WARN_SUSPICIOUS_MOVE = YES;
				CLANG_WARN_UNGUARDED_AVAILABILITY = YES_AGGRESSIVE;
				CLANG_WARN_UNREACHABLE_CODE = YES;
				CLANG_WARN__DUPLICATE_METHOD_MATCH = YES;
				CODE_SIGN_IDENTITY = "iPhone Developer";
				COPY_PHASE_STRIP = NO;
				DEBUG_INFORMATION_FORMAT = "dwarf-with-dsym";
				ENABLE_NS_ASSERTIONS = NO;
				ENABLE_STRICT_OBJC_MSGSEND = YES;
				GCC_C_LANGUAGE_STANDARD = gnu11;
				GCC_NO_COMMON_BLOCKS = YES;
				GCC_WARN_64_TO_32_BIT_CONVERSION = YES;
				GCC_WARN_ABOUT_RETURN_TYPE = YES_ERROR;
				GCC_WARN_UNDECLARED_SELECTOR = YES;
				GCC_WARN_UNINITIALIZED_AUTOS = YES_AGGRESSIVE;
				GCC_WARN_UNUSED_FUNCTION = YES;
				GCC_WARN_UNUSED_VARIABLE = YES;
				IPHONEOS_DEPLOYMENT_TARGET = 12.1;
				MTL_ENABLE_DEBUG_INFO = NO;
				MTL_FAST_MATH = YES;
				SDKROOT = iphoneos;
				SWIFT_COMPILATION_MODE = wholemodule;
				SWIFT_OPTIMIZATION_LEVEL = "-O";
				VALIDATE_PRODUCT = YES;
			};
			name = Release;
		};
		F5E16C7121F49CC400C8A732 /* Debug */ = {
			isa = XCBuildConfiguration;
			buildSettings = {
				ASSETCATALOG_COMPILER_APPICON_NAME = AppIcon;
				CODE_SIGN_STYLE = Automatic;
				DEVELOPMENT_TEAM = X77EZY7VKW;
				INFOPLIST_FILE = Music2/Info.plist;
				LD_RUNPATH_SEARCH_PATHS = (
					"$(inherited)",
					"@executable_path/Frameworks",
				);
				PRODUCT_BUNDLE_IDENTIFIER = com.librecht.Music2;
				PRODUCT_NAME = "$(TARGET_NAME)";
				SWIFT_VERSION = 4.2;
				TARGETED_DEVICE_FAMILY = "1,2";
			};
			name = Debug;
		};
		F5E16C7221F49CC400C8A732 /* Release */ = {
			isa = XCBuildConfiguration;
			buildSettings = {
				ASSETCATALOG_COMPILER_APPICON_NAME = AppIcon;
				CODE_SIGN_STYLE = Automatic;
				DEVELOPMENT_TEAM = X77EZY7VKW;
				INFOPLIST_FILE = Music2/Info.plist;
				LD_RUNPATH_SEARCH_PATHS = (
					"$(inherited)",
					"@executable_path/Frameworks",
				);
				PRODUCT_BUNDLE_IDENTIFIER = com.librecht.Music2;
				PRODUCT_NAME = "$(TARGET_NAME)";
				SWIFT_VERSION = 4.2;
				TARGETED_DEVICE_FAMILY = "1,2";
			};
			name = Release;
		};
/* End XCBuildConfiguration section */

/* Begin XCConfigurationList section */
		F5E16C5921F49CC300C8A732 /* Build configuration list for PBXProject "Music2" */ = {
			isa = XCConfigurationList;
			buildConfigurations = (
				F5E16C6E21F49CC400C8A732 /* Debug */,
				F5E16C6F21F49CC400C8A732 /* Release */,
			);
			defaultConfigurationIsVisible = 0;
			defaultConfigurationName = Release;
		};
		F5E16C7021F49CC400C8A732 /* Build configuration list for PBXNativeTarget "Music2" */ = {
			isa = XCConfigurationList;
			buildConfigurations = (
				F5E16C7121F49CC400C8A732 /* Debug */,
				F5E16C7221F49CC400C8A732 /* Release */,
			);
			defaultConfigurationIsVisible = 0;
			defaultConfigurationName = Release;
		};
/* End XCConfigurationList section */
	};
	rootObject = F5E16C5621F49CC300C8A732 /* Project object */;
}
